{
  "lockfileVersion": 1,
  "workspaces": {
    "": {
      "dependencies": {
        "node-addon-api": "^8.3.1",
      },
    },
  },
  "packages": {
    "node-addon-api": ["node-addon-api@8.3.1", "", {}, "sha512-lytcDEdxKjGJPTLEfW4mYMigRezMlyJY8W4wxJK8zE533Jlb8L8dRuObJFWg2P+AuOIxoCgKF+2Oq4d4Zd0OUA=="],
  }
}
